// !$*UTF8*$!
{
	archiveVersion = 1;
	classes = {
	};
	objectVersion = 46;
	objects = {

/* Begin PBXBuildFile section */
		FF642E041F5512CA00A2AF5C /* AppDelegate.swift in Sources */ = {isa = PBXBuildFile; fileRef = FF642E031F5512CA00A2AF5C /* AppDelegate.swift */; };
		FF642E061F5512CA00A2AF5C /* SampleViewController.swift in Sources */ = {isa = PBXBuildFile; fileRef = FF642E051F5512CA00A2AF5C /* SampleViewController.swift */; };
		FF642E091F5512CA00A2AF5C /* Main.storyboard in Resources */ = {isa = PBXBuildFile; fileRef = FF642E071F5512CA00A2AF5C /* Main.storyboard */; };
		FF642E0B1F5512CA00A2AF5C /* Assets.xcassets in Resources */ = {isa = PBXBuildFile; fileRef = FF642E0A1F5512CA00A2AF5C /* Assets.xcassets */; };
		FF642E0E1F5512CA00A2AF5C /* LaunchScreen.storyboard in Resources */ = {isa = PBXBuildFile; fileRef = FF642E0C1F5512CA00A2AF5C /* LaunchScreen.storyboard */; };
		FF642E161F55140100A2AF5C /* DropDownButton.swift in Sources */ = {isa = PBXBuildFile; fileRef = FF642E151F55140100A2AF5C /* DropDownButton.swift */; };
		FF642E191F55148A00A2AF5C /* DropDownCell.swift in Sources */ = {isa = PBXBuildFile; fileRef = FF642E171F55148A00A2AF5C /* DropDownCell.swift */; };
		FF642E1A1F55148A00A2AF5C /* DropDownCell.xib in Resources */ = {isa = PBXBuildFile; fileRef = FF642E181F55148A00A2AF5C /* DropDownCell.xib */; };
		FF642E1C1F55243B00A2AF5C /* Extension.swift in Sources */ = {isa = PBXBuildFile; fileRef = FF642E1B1F55243B00A2AF5C /* Extension.swift */; };
/* End PBXBuildFile section */

/* Begin PBXFileReference section */
		FF642E001F5512CA00A2AF5C /* DropDown.app */ = {isa = PBXFileReference; explicitFileType = wrapper.application; includeInIndex = 0; path = DropDown.app; sourceTree = BUILT_PRODUCTS_DIR; };
		FF642E031F5512CA00A2AF5C /* AppDelegate.swift */ = {isa = PBXFileReference; lastKnownFileType = sourcecode.swift; path = AppDelegate.swift; sourceTree = "<group>"; };
		FF642E051F5512CA00A2AF5C /* SampleViewController.swift */ = {isa = PBXFileReference; lastKnownFileType = sourcecode.swift; path = SampleViewController.swift; sourceTree = "<group>"; };
		FF642E081F5512CA00A2AF5C /* Base */ = {isa = PBXFileReference; lastKnownFileType = file.storyboard; name = Base; path = Base.lproj/Main.storyboard; sourceTree = "<group>"; };
		FF642E0A1F5512CA00A2AF5C /* Assets.xcassets */ = {isa = PBXFileReference; lastKnownFileType = folder.assetcatalog; path = Assets.xcassets; sourceTree = "<group>"; };
		FF642E0D1F5512CA00A2AF5C /* Base */ = {isa = PBXFileReference; lastKnownFileType = file.storyboard; name = Base; path = Base.lproj/LaunchScreen.storyboard; sourceTree = "<group>"; };
		FF642E0F1F5512CA00A2AF5C /* Info.plist */ = {isa = PBXFileReference; lastKnownFileType = text.plist.xml; path = Info.plist; sourceTree = "<group>"; };
		FF642E151F55140100A2AF5C /* DropDownButton.swift */ = {isa = PBXFileReference; fileEncoding = 4; lastKnownFileType = sourcecode.swift; path = DropDownButton.swift; sourceTree = "<group>"; };
		FF642E171F55148A00A2AF5C /* DropDownCell.swift */ = {isa = PBXFileReference; fileEncoding = 4; lastKnownFileType = sourcecode.swift; path = DropDownCell.swift; sourceTree = "<group>"; };
		FF642E181F55148A00A2AF5C /* DropDownCell.xib */ = {isa = PBXFileReference; fileEncoding = 4; lastKnownFileType = file.xib; path = DropDownCell.xib; sourceTree = "<group>"; };
		FF642E1B1F55243B00A2AF5C /* Extension.swift */ = {isa = PBXFileReference; fileEncoding = 4; lastKnownFileType = sourcecode.swift; path = Extension.swift; sourceTree = "<group>"; };
/* End PBXFileReference section */

/* Begin PBXFrameworksBuildPhase section */
		FF642DFD1F5512CA00A2AF5C /* Frameworks */ = {
			isa = PBXFrameworksBuildPhase;
			buildActionMask = 2147483647;
			files = (
			);
			runOnlyForDeploymentPostprocessing = 0;
		};
/* End PBXFrameworksBuildPhase section */

/* Begin PBXGroup section */
		FF642DF71F5512CA00A2AF5C = {
			isa = PBXGroup;
			children = (
				FF642E021F5512CA00A2AF5C /* DropDown */,
				FF642E011F5512CA00A2AF5C /* Products */,
			);
			sourceTree = "<group>";
		};
		FF642E011F5512CA00A2AF5C /* Products */ = {
			isa = PBXGroup;
			children = (
				FF642E001F5512CA00A2AF5C /* DropDown.app */,
			);
			name = Products;
			sourceTree = "<group>";
		};
		FF642E021F5512CA00A2AF5C /* DropDown */ = {
			isa = PBXGroup;
			children = (
				FF642E171F55148A00A2AF5C /* DropDownCell.swift */,
				FF642E181F55148A00A2AF5C /* DropDownCell.xib */,
				FF642E151F55140100A2AF5C /* DropDownButton.swift */,
				FF642E031F5512CA00A2AF5C /* AppDelegate.swift */,
				FF642E051F5512CA00A2AF5C /* SampleViewController.swift */,
				FF642E071F5512CA00A2AF5C /* Main.storyboard */,
				FF642E0A1F5512CA00A2AF5C /* Assets.xcassets */,
				FF642E0C1F5512CA00A2AF5C /* LaunchScreen.storyboard */,
				FF642E0F1F5512CA00A2AF5C /* Info.plist */,
				FF642E1B1F55243B00A2AF5C /* Extension.swift */,
			);
			path = DropDown;
			sourceTree = "<group>";
		};
/* End PBXGroup section */

/* Begin PBXNativeTarget section */
		FF642DFF1F5512CA00A2AF5C /* DropDown */ = {
			isa = PBXNativeTarget;
			buildConfigurationList = FF642E121F5512CA00A2AF5C /* Build configuration list for PBXNativeTarget "DropDown" */;
			buildPhases = (
				FF642DFC1F5512CA00A2AF5C /* Sources */,
				FF642DFD1F5512CA00A2AF5C /* Frameworks */,
				FF642DFE1F5512CA00A2AF5C /* Resources */,
			);
			buildRules = (
			);
			dependencies = (
			);
			name = DropDown;
			productName = DropDown;
			productReference = FF642E001F5512CA00A2AF5C /* DropDown.app */;
			productType = "com.apple.product-type.application";
		};
/* End PBXNativeTarget section */

/* Begin PBXProject section */
		FF642DF81F5512CA00A2AF5C /* Project object */ = {
			isa = PBXProject;
			attributes = {
				LastSwiftUpdateCheck = 0830;
				LastUpgradeCheck = 0830;
				ORGANIZATIONNAME = arabian9ts;
				TargetAttributes = {
					FF642DFF1F5512CA00A2AF5C = {
						CreatedOnToolsVersion = 8.3.3;
						DevelopmentTeam = 6U5H77AN3Z;
						ProvisioningStyle = Automatic;
					};
				};
			};
			buildConfigurationList = FF642DFB1F5512CA00A2AF5C /* Build configuration list for PBXProject "DropDown" */;
			compatibilityVersion = "Xcode 3.2";
			developmentRegion = English;
			hasScannedForEncodings = 0;
			knownRegions = (
				en,
				Base,
			);
			mainGroup = FF642DF71F5512CA00A2AF5C;
			productRefGroup = FF642E011F5512CA00A2AF5C /* Products */;
			projectDirPath = "";
			projectRoot = "";
			targets = (
				FF642DFF1F5512CA00A2AF5C /* DropDown */,
			);
		};
/* End PBXProject section */

/* Begin PBXResourcesBuildPhase section */
		FF642DFE1F5512CA00A2AF5C /* Resources */ = {
			isa = PBXResourcesBuildPhase;
			buildActionMask = 2147483647;
			files = (
				FF642E0E1F5512CA00A2AF5C /* LaunchScreen.storyboard in Resources */,
				FF642E0B1F5512CA00A2AF5C /* Assets.xcassets in Resources */,
				FF642E1A1F55148A00A2AF5C /* DropDownCell.xib in Resources */,
				FF642E091F5512CA00A2AF5C /* Main.storyboard in Resources */,
			);
			runOnlyForDeploymentPostprocessing = 0;
		};
/* End PBXResourcesBuildPhase section */

/* Begin PBXSourcesBuildPhase section */
		FF642DFC1F5512CA00A2AF5C /* Sources */ = {
			isa = PBXSourcesBuildPhase;
			buildActionMask = 2147483647;
			files = (
				FF642E1C1F55243B00A2AF5C /* Extension.swift in Sources */,
				FF642E161F55140100A2AF5C /* DropDownButton.swift in Sources */,
				FF642E061F5512CA00A2AF5C /* SampleViewController.swift in Sources */,
				FF642E191F55148A00A2AF5C /* DropDownCell.swift in Sources */,
				FF642E041F5512CA00A2AF5C /* AppDelegate.swift in Sources */,
			);
			runOnlyForDeploymentPostprocessing = 0;
		};
/* End PBXSourcesBuildPhase section */

/* Begin PBXVariantGroup section */
		FF642E071F5512CA00A2AF5C /* Main.storyboard */ = {
			isa = PBXVariantGroup;
			children = (
				FF642E081F5512CA00A2AF5C /* Base */,
			);
			name = Main.storyboard;
			sourceTree = "<group>";
		};
		FF642E0C1F5512CA00A2AF5C /* LaunchScreen.storyboard */ = {
			isa = PBXVariantGroup;
			children = (
				FF642E0D1F5512CA00A2AF5C /* Base */,
			);
			name = LaunchScreen.storyboard;
			sourceTree = "<group>";
		};
/* End PBXVariantGroup section */

/* Begin XCBuildConfiguration section */
		FF642E101F5512CA00A2AF5C /* Debug */ = {
			isa = XCBuildConfiguration;
			buildSettings = {
				ALWAYS_SEARCH_USER_PATHS = NO;
				CLANG_ANALYZER_NONNULL = YES;
				CLANG_ANALYZER_NUMBER_OBJECT_CONVERSION = YES_AGGRESSIVE;
				CLANG_CXX_LANGUAGE_STANDARD = "gnu++0x";
				CLANG_CXX_LIBRARY = "libc++";
				CLANG_ENABLE_MODULES = YES;
				CLANG_ENABLE_OBJC_ARC = YES;
				CLANG_WARN_BOOL_CONVERSION = YES;
				CLANG_WARN_CONSTANT_CONVERSION = YES;
				CLANG_WARN_DIRECT_OBJC_ISA_USAGE = YES_ERROR;
				CLANG_WARN_DOCUMENTATION_COMMENTS = YES;
				CLANG_WARN_EMPTY_BODY = YES;
				CLANG_WARN_ENUM_CONVERSION = YES;
				CLANG_WARN_INFINITE_RECURSION = YES;
				CLANG_WARN_INT_CONVERSION = YES;
				CLANG_WARN_OBJC_ROOT_CLASS = YES_ERROR;
				CLANG_WARN_SUSPICIOUS_MOVE = YES;
				CLANG_WARN_UNREACHABLE_CODE = YES;
				CLANG_WARN__DUPLICATE_METHOD_MATCH = YES;
				"CODE_SIGN_IDENTITY[sdk=iphoneos*]" = "iPhone Developer";
				COPY_PHASE_STRIP = NO;
				DEBUG_INFORMATION_FORMAT = dwarf;
				ENABLE_STRICT_OBJC_MSGSEND = YES;
				ENABLE_TESTABILITY = YES;
				GCC_C_LANGUAGE_STANDARD = gnu99;
				GCC_DYNAMIC_NO_PIC = NO;
				GCC_NO_COMMON_BLOCKS = YES;
				GCC_OPTIMIZATION_LEVEL = 0;
				GCC_PREPROCESSOR_DEFINITIONS = (
					"DEBUG=1",
					"$(inherited)",
				);
				GCC_WARN_64_TO_32_BIT_CONVERSION = YES;
				GCC_WARN_ABOUT_RETURN_TYPE = YES_ERROR;
				GCC_WARN_UNDECLARED_SELECTOR = YES;
				GCC_WARN_UNINITIALIZED_AUTOS = YES_AGGRESSIVE;
				GCC_WARN_UNUSED_FUNCTION = YES;
				GCC_WARN_UNUSED_VARIABLE = YES;
				IPHONEOS_DEPLOYMENT_TARGET = 10.3;
				MTL_ENABLE_DEBUG_INFO = YES;
				ONLY_ACTIVE_ARCH = YES;
				SDKROOT = iphoneos;
				SWIFT_ACTIVE_COMPILATION_CONDITIONS = DEBUG;
				SWIFT_OPTIMIZATION_LEVEL = "-Onone";
				TARGETED_DEVICE_FAMILY = "1,2";
			};
			name = Debug;
		};
		FF642E111F5512CA00A2AF5C /* Release */ = {
			isa = XCBuildConfiguration;
			buildSettings = {
				ALWAYS_SEARCH_USER_PATHS = NO;
				CLANG_ANALYZER_NONNULL = YES;
				CLANG_ANALYZER_NUMBER_OBJECT_CONVERSION = YES_AGGRESSIVE;
				CLANG_CXX_LANGUAGE_STANDARD = "gnu++0x";
				CLANG_CXX_LIBRARY = "libc++";
				CLANG_ENABLE_MODULES = YES;
				CLANG_ENABLE_OBJC_ARC = YES;
				CLANG_WARN_BOOL_CONVERSION = YES;
				CLANG_WARN_CONSTANT_CONVERSION = YES;
				CLANG_WARN_DIRECT_OBJC_ISA_USAGE = YES_ERROR;
				CLANG_WARN_DOCUMENTATION_COMMENTS = YES;
				CLANG_WARN_EMPTY_BODY = YES;
				CLANG_WARN_ENUM_CONVERSION = YES;
				CLANG_WARN_INFINITE_RECURSION = YES;
				CLANG_WARN_INT_CONVERSION = YES;
				CLANG_WARN_OBJC_ROOT_CLASS = YES_ERROR;
				CLANG_WARN_SUSPICIOUS_MOVE = YES;
				CLANG_WARN_UNREACHABLE_CODE = YES;
				CLANG_WARN__DUPLICATE_METHOD_MATCH = YES;
				"CODE_SIGN_IDENTITY[sdk=iphoneos*]" = "iPhone Developer";
				COPY_PHASE_STRIP = NO;
				DEBUG_INFORMATION_FORMAT = "dwarf-with-dsym";
				ENABLE_NS_ASSERTIONS = NO;
				ENABLE_STRICT_OBJC_MSGSEND = YES;
				GCC_C_LANGUAGE_STANDARD = gnu99;
				GCC_NO_COMMON_BLOCKS = YES;
				GCC_WARN_64_TO_32_BIT_CONVERSION = YES;
				GCC_WARN_ABOUT_RETURN_TYPE = YES_ERROR;
				GCC_WARN_UNDECLARED_SELECTOR = YES;
				GCC_WARN_UNINITIALIZED_AUTOS = YES_AGGRESSIVE;
				GCC_WARN_UNUSED_FUNCTION = YES;
				GCC_WARN_UNUSED_VARIABLE = YES;
				IPHONEOS_DEPLOYMENT_TARGET = 10.3;
				MTL_ENABLE_DEBUG_INFO = NO;
				SDKROOT = iphoneos;
				SWIFT_OPTIMIZATION_LEVEL = "-Owholemodule";
				TARGETED_DEVICE_FAMILY = "1,2";
				VALIDATE_PRODUCT = YES;
			};
			name = Release;
		};
		FF642E131F5512CA00A2AF5C /* Debug */ = {
			isa = XCBuildConfiguration;
			buildSettings = {
				ASSETCATALOG_COMPILER_APPICON_NAME = AppIcon;
				DEVELOPMENT_TEAM = 6U5H77AN3Z;
				INFOPLIST_FILE = DropDown/Info.plist;
				LD_RUNPATH_SEARCH_PATHS = "$(inherited) @executable_path/Frameworks";
				PRODUCT_BUNDLE_IDENTIFIER = arabian9ts.SimpleAudio.DropDown;
				PRODUCT_NAME = "$(TARGET_NAME)";
				SWIFT_VERSION = 3.0;
			};
			name = Debug;
		};
		FF642E141F5512CA00A2AF5C /* Release */ = {
			isa = XCBuildConfiguration;
			buildSettings = {
				ASSETCATALOG_COMPILER_APPICON_NAME = AppIcon;
				DEVELOPMENT_TEAM = 6U5H77AN3Z;
				INFOPLIST_FILE = DropDown/Info.plist;
				LD_RUNPATH_SEARCH_PATHS = "$(inherited) @executable_path/Frameworks";
				PRODUCT_BUNDLE_IDENTIFIER = arabian9ts.SimpleAudio.DropDown;
				PRODUCT_NAME = "$(TARGET_NAME)";
				SWIFT_VERSION = 3.0;
			};
			name = Release;
		};
/* End XCBuildConfiguration section */

/* Begin XCConfigurationList section */
		FF642DFB1F5512CA00A2AF5C /* Build configuration list for PBXProject "DropDown" */ = {
			isa = XCConfigurationList;
			buildConfigurations = (
				FF642E101F5512CA00A2AF5C /* Debug */,
				FF642E111F5512CA00A2AF5C /* Release */,
			);
			defaultConfigurationIsVisible = 0;
			defaultConfigurationName = Release;
		};
		FF642E121F5512CA00A2AF5C /* Build configuration list for PBXNativeTarget "DropDown" */ = {
			isa = XCConfigurationList;
			buildConfigurations = (
				FF642E131F5512CA00A2AF5C /* Debug */,
				FF642E141F5512CA00A2AF5C /* Release */,
			);
			defaultConfigurationIsVisible = 0;
			defaultConfigurationName = Release;
		};
/* End XCConfigurationList section */
	};
	rootObject = FF642DF81F5512CA00A2AF5C /* Project object */;
}
